// !$*UTF8*$!
{
	archiveVersion = 1;
	classes = {
	};
	objectVersion = 46;
	objects = {

/* Begin PBXBuildFile section */
		03FAE96718DDB13F00F79B8D /* Foundation.framework in Frameworks */ = {isa = PBXBuildFile; fileRef = 03FAE96618DDB13F00F79B8D /* Foundation.framework */; };
		03FAE96918DDB13F00F79B8D /* CoreGraphics.framework in Frameworks */ = {isa = PBXBuildFile; fileRef = 03FAE96818DDB13F00F79B8D /* CoreGraphics.framework */; };
		03FAE96B18DDB13F00F79B8D /* UIKit.framework in Frameworks */ = {isa = PBXBuildFile; fileRef = 03FAE96A18DDB13F00F79B8D /* UIKit.framework */; };
		03FAE97118DDB13F00F79B8D /* InfoPlist.strings in Resources */ = {isa = PBXBuildFile; fileRef = 03FAE96F18DDB13F00F79B8D /* InfoPlist.strings */; };
		03FAE97318DDB13F00F79B8D /* main.m in Sources */ = {isa = PBXBuildFile; fileRef = 03FAE97218DDB13F00F79B8D /* main.m */; };
		03FAE97718DDB13F00F79B8D /* AppDelegate.m in Sources */ = {isa = PBXBuildFile; fileRef = 03FAE97618DDB13F00F79B8D /* AppDelegate.m */; };
		03FAE97A18DDB13F00F79B8D /* Main.storyboard in Resources */ = {isa = PBXBuildFile; fileRef = 03FAE97818DDB13F00F79B8D /* Main.storyboard */; };
		03FAE97D18DDB13F00F79B8D /* ViewController.m in Sources */ = {isa = PBXBuildFile; fileRef = 03FAE97C18DDB13F00F79B8D /* ViewController.m */; };
		03FAE97F18DDB13F00F79B8D /* Images.xcassets in Resources */ = {isa = PBXBuildFile; fileRef = 03FAE97E18DDB13F00F79B8D /* Images.xcassets */; };
		03FAE98618DDB13F00F79B8D /* XCTest.framework in Frameworks */ = {isa = PBXBuildFile; fileRef = 03FAE98518DDB13F00F79B8D /* XCTest.framework */; };
		03FAE98718DDB13F00F79B8D /* Foundation.framework in Frameworks */ = {isa = PBXBuildFile; fileRef = 03FAE96618DDB13F00F79B8D /* Foundation.framework */; };
		03FAE98818DDB13F00F79B8D /* UIKit.framework in Frameworks */ = {isa = PBXBuildFile; fileRef = 03FAE96A18DDB13F00F79B8D /* UIKit.framework */; };
		03FAE99018DDB13F00F79B8D /* InfoPlist.strings in Resources */ = {isa = PBXBuildFile; fileRef = 03FAE98E18DDB13F00F79B8D /* InfoPlist.strings */; };
		03FAE99218DDB13F00F79B8D /* FFmpegDemo_2014Tests.m in Sources */ = {isa = PBXBuildFile; fileRef = 03FAE99118DDB13F00F79B8D /* FFmpegDemo_2014Tests.m */; };
		03FAE9FD18DDB17C00F79B8D /* libavcodec.a in Frameworks */ = {isa = PBXBuildFile; fileRef = 03FAE9F518DDB17B00F79B8D /* libavcodec.a */; };
		03FAE9FE18DDB17C00F79B8D /* libavdevice.a in Frameworks */ = {isa = PBXBuildFile; fileRef = 03FAE9F618DDB17B00F79B8D /* libavdevice.a */; };
		03FAE9FF18DDB17C00F79B8D /* libavfilter.a in Frameworks */ = {isa = PBXBuildFile; fileRef = 03FAE9F718DDB17B00F79B8D /* libavfilter.a */; };
		03FAEA0018DDB17C00F79B8D /* libavformat.a in Frameworks */ = {isa = PBXBuildFile; fileRef = 03FAE9F818DDB17B00F79B8D /* libavformat.a */; };
		03FAEA0118DDB17C00F79B8D /* libavresample.a in Frameworks */ = {isa = PBXBuildFile; fileRef = 03FAE9F918DDB17B00F79B8D /* libavresample.a */; };
		03FAEA0218DDB17C00F79B8D /* libavutil.a in Frameworks */ = {isa = PBXBuildFile; fileRef = 03FAE9FA18DDB17B00F79B8D /* libavutil.a */; };
		03FAEA0318DDB17C00F79B8D /* libswresample.a in Frameworks */ = {isa = PBXBuildFile; fileRef = 03FAE9FB18DDB17B00F79B8D /* libswresample.a */; };
		03FAEA0418DDB17C00F79B8D /* libswscale.a in Frameworks */ = {isa = PBXBuildFile; fileRef = 03FAE9FC18DDB17B00F79B8D /* libswscale.a */; };
		03FAEA0C18DDB22100F79B8D /* AudioPacketQueue.m in Sources */ = {isa = PBXBuildFile; fileRef = 03FAEA0718DDB22100F79B8D /* AudioPacketQueue.m */; };
		03FAEA0D18DDB22100F79B8D /* AudioPlayer.m in Sources */ = {isa = PBXBuildFile; fileRef = 03FAEA0918DDB22100F79B8D /* AudioPlayer.m */; };
		03FAEA0E18DDB22100F79B8D /* AudioUtilities.m in Sources */ = {isa = PBXBuildFile; fileRef = 03FAEA0B18DDB22100F79B8D /* AudioUtilities.m */; };
		03FAEA1018DDB29300F79B8D /* libz.1.2.5.dylib in Frameworks */ = {isa = PBXBuildFile; fileRef = 03FAEA0F18DDB29300F79B8D /* libz.1.2.5.dylib */; };
/* End PBXBuildFile section */

/* Begin PBXContainerItemProxy section */
		03FAE98918DDB13F00F79B8D /* PBXContainerItemProxy */ = {
			isa = PBXContainerItemProxy;
			containerPortal = 03FAE95B18DDB13F00F79B8D /* Project object */;
			proxyType = 1;
			remoteGlobalIDString = 03FAE96218DDB13F00F79B8D;
			remoteInfo = FFmpegDemo_2014;
		};
/* End PBXContainerItemProxy section */

/* Begin PBXFileReference section */
		03FAE96318DDB13F00F79B8D /* FFmpegDemo_2014.app */ = {isa = PBXFileReference; explicitFileType = wrapper.application; includeInIndex = 0; path = FFmpegDemo_2014.app; sourceTree = BUILT_PRODUCTS_DIR; };
		03FAE96618DDB13F00F79B8D /* Foundation.framework */ = {isa = PBXFileReference; lastKnownFileType = wrapper.framework; name = Foundation.framework; path = System/Library/Frameworks/Foundation.framework; sourceTree = SDKROOT; };
		03FAE96818DDB13F00F79B8D /* CoreGraphics.framework */ = {isa = PBXFileReference; lastKnownFileType = wrapper.framework; name = CoreGraphics.framework; path = System/Library/Frameworks/CoreGraphics.framework; sourceTree = SDKROOT; };
		03FAE96A18DDB13F00F79B8D /* UIKit.framework */ = {isa = PBXFileReference; lastKnownFileType = wrapper.framework; name = UIKit.framework; path = System/Library/Frameworks/UIKit.framework; sourceTree = SDKROOT; };
		03FAE96E18DDB13F00F79B8D /* FFmpegDemo_2014-Info.plist */ = {isa = PBXFileReference; lastKnownFileType = text.plist.xml; path = "FFmpegDemo_2014-Info.plist"; sourceTree = "<group>"; };
		03FAE97018DDB13F00F79B8D /* en */ = {isa = PBXFileReference; lastKnownFileType = text.plist.strings; name = en; path = en.lproj/InfoPlist.strings; sourceTree = "<group>"; };
		03FAE97218DDB13F00F79B8D /* main.m */ = {isa = PBXFileReference; lastKnownFileType = sourcecode.c.objc; path = main.m; sourceTree = "<group>"; };
		03FAE97418DDB13F00F79B8D /* FFmpegDemo_2014-Prefix.pch */ = {isa = PBXFileReference; lastKnownFileType = sourcecode.c.h; path = "FFmpegDemo_2014-Prefix.pch"; sourceTree = "<group>"; };
		03FAE97518DDB13F00F79B8D /* AppDelegate.h */ = {isa = PBXFileReference; lastKnownFileType = sourcecode.c.h; path = AppDelegate.h; sourceTree = "<group>"; };
		03FAE97618DDB13F00F79B8D /* AppDelegate.m */ = {isa = PBXFileReference; lastKnownFileType = sourcecode.c.objc; path = AppDelegate.m; sourceTree = "<group>"; };
		03FAE97918DDB13F00F79B8D /* Base */ = {isa = PBXFileReference; lastKnownFileType = file.storyboard; name = Base; path = Base.lproj/Main.storyboard; sourceTree = "<group>"; };
		03FAE97B18DDB13F00F79B8D /* ViewController.h */ = {isa = PBXFileReference; lastKnownFileType = sourcecode.c.h; path = ViewController.h; sourceTree = "<group>"; };
		03FAE97C18DDB13F00F79B8D /* ViewController.m */ = {isa = PBXFileReference; lastKnownFileType = sourcecode.c.objc; path = ViewController.m; sourceTree = "<group>"; };
		03FAE97E18DDB13F00F79B8D /* Images.xcassets */ = {isa = PBXFileReference; lastKnownFileType = folder.assetcatalog; path = Images.xcassets; sourceTree = "<group>"; };
		03FAE98418DDB13F00F79B8D /* FFmpegDemo_2014Tests.xctest */ = {isa = PBXFileReference; explicitFileType = wrapper.cfbundle; includeInIndex = 0; path = FFmpegDemo_2014Tests.xctest; sourceTree = BUILT_PRODUCTS_DIR; };
		03FAE98518DDB13F00F79B8D /* XCTest.framework */ = {isa = PBXFileReference; lastKnownFileType = wrapper.framework; name = XCTest.framework; path = Library/Frameworks/XCTest.framework; sourceTree = DEVELOPER_DIR; };
		03FAE98D18DDB13F00F79B8D /* FFmpegDemo_2014Tests-Info.plist */ = {isa = PBXFileReference; lastKnownFileType = text.plist.xml; path = "FFmpegDemo_2014Tests-Info.plist"; sourceTree = "<group>"; };
		03FAE98F18DDB13F00F79B8D /* en */ = {isa = PBXFileReference; lastKnownFileType = text.plist.strings; name = en; path = en.lproj/InfoPlist.strings; sourceTree = "<group>"; };
		03FAE99118DDB13F00F79B8D /* FFmpegDemo_2014Tests.m */ = {isa = PBXFileReference; lastKnownFileType = sourcecode.c.objc; path = FFmpegDemo_2014Tests.m; sourceTree = "<group>"; };
		03FAE99E18DDB17B00F79B8D /* avcodec.h */ = {isa = PBXFileReference; fileEncoding = 4; lastKnownFileType = sourcecode.c.h; path = avcodec.h; sourceTree = "<group>"; };
		03FAE99F18DDB17B00F79B8D /* avfft.h */ = {isa = PBXFileReference; fileEncoding = 4; lastKnownFileType = sourcecode.c.h; path = avfft.h; sourceTree = "<group>"; };
		03FAE9A018DDB17B00F79B8D /* dxva2.h */ = {isa = PBXFileReference; fileEncoding = 4; lastKnownFileType = sourcecode.c.h; path = dxva2.h; sourceTree = "<group>"; };
		03FAE9A118DDB17B00F79B8D /* old_codec_ids.h */ = {isa = PBXFileReference; fileEncoding = 4; lastKnownFileType = sourcecode.c.h; path = old_codec_ids.h; sourceTree = "<group>"; };
		03FAE9A218DDB17B00F79B8D /* vaapi.h */ = {isa = PBXFileReference; fileEncoding = 4; lastKnownFileType = sourcecode.c.h; path = vaapi.h; sourceTree = "<group>"; };
		03FAE9A318DDB17B00F79B8D /* vda.h */ = {isa = PBXFileReference; fileEncoding = 4; lastKnownFileType = sourcecode.c.h; path = vda.h; sourceTree = "<group>"; };
		03FAE9A418DDB17B00F79B8D /* vdpau.h */ = {isa = PBXFileReference; fileEncoding = 4; lastKnownFileType = sourcecode.c.h; path = vdpau.h; sourceTree = "<group>"; };
		03FAE9A518DDB17B00F79B8D /* version.h */ = {isa = PBXFileReference; fileEncoding = 4; lastKnownFileType = sourcecode.c.h; path = version.h; sourceTree = "<group>"; };
		03FAE9A618DDB17B00F79B8D /* xvmc.h */ = {isa = PBXFileReference; fileEncoding = 4; lastKnownFileType = sourcecode.c.h; path = xvmc.h; sourceTree = "<group>"; };
		03FAE9A818DDB17B00F79B8D /* avdevice.h */ = {isa = PBXFileReference; fileEncoding = 4; lastKnownFileType = sourcecode.c.h; path = avdevice.h; sourceTree = "<group>"; };
		03FAE9A918DDB17B00F79B8D /* version.h */ = {isa = PBXFileReference; fileEncoding = 4; lastKnownFileType = sourcecode.c.h; path = version.h; sourceTree = "<group>"; };
		03FAE9AB18DDB17B00F79B8D /* asrc_abuffer.h */ = {isa = PBXFileReference; fileEncoding = 4; lastKnownFileType = sourcecode.c.h; path = asrc_abuffer.h; sourceTree = "<group>"; };
		03FAE9AC18DDB17B00F79B8D /* avcodec.h */ = {isa = PBXFileReference; fileEncoding = 4; lastKnownFileType = sourcecode.c.h; path = avcodec.h; sourceTree = "<group>"; };
		03FAE9AD18DDB17B00F79B8D /* avfilter.h */ = {isa = PBXFileReference; fileEncoding = 4; lastKnownFileType = sourcecode.c.h; path = avfilter.h; sourceTree = "<group>"; };
		03FAE9AE18DDB17B00F79B8D /* avfiltergraph.h */ = {isa = PBXFileReference; fileEncoding = 4; lastKnownFileType = sourcecode.c.h; path = avfiltergraph.h; sourceTree = "<group>"; };
		03FAE9AF18DDB17B00F79B8D /* buffersink.h */ = {isa = PBXFileReference; fileEncoding = 4; lastKnownFileType = sourcecode.c.h; path = buffersink.h; sourceTree = "<group>"; };
		03FAE9B018DDB17B00F79B8D /* buffersrc.h */ = {isa = PBXFileReference; fileEncoding = 4; lastKnownFileType = sourcecode.c.h; path = buffersrc.h; sourceTree = "<group>"; };
		03FAE9B118DDB17B00F79B8D /* version.h */ = {isa = PBXFileReference; fileEncoding = 4; lastKnownFileType = sourcecode.c.h; path = version.h; sourceTree = "<group>"; };
		03FAE9B318DDB17B00F79B8D /* avformat.h */ = {isa = PBXFileReference; fileEncoding = 4; lastKnownFileType = sourcecode.c.h; path = avformat.h; sourceTree = "<group>"; };
		03FAE9B418DDB17B00F79B8D /* avio.h */ = {isa = PBXFileReference; fileEncoding = 4; lastKnownFileType = sourcecode.c.h; path = avio.h; sourceTree = "<group>"; };
		03FAE9B518DDB17B00F79B8D /* version.h */ = {isa = PBXFileReference; fileEncoding = 4; lastKnownFileType = sourcecode.c.h; path = version.h; sourceTree = "<group>"; };
		03FAE9B718DDB17B00F79B8D /* avresample.h */ = {isa = PBXFileReference; fileEncoding = 4; lastKnownFileType = sourcecode.c.h; path = avresample.h; sourceTree = "<group>"; };
		03FAE9B818DDB17B00F79B8D /* version.h */ = {isa = PBXFileReference; fileEncoding = 4; lastKnownFileType = sourcecode.c.h; path = version.h; sourceTree = "<group>"; };
		03FAE9BA18DDB17B00F79B8D /* adler32.h */ = {isa = PBXFileReference; fileEncoding = 4; lastKnownFileType = sourcecode.c.h; path = adler32.h; sourceTree = "<group>"; };
		03FAE9BB18DDB17B00F79B8D /* aes.h */ = {isa = PBXFileReference; fileEncoding = 4; lastKnownFileType = sourcecode.c.h; path = aes.h; sourceTree = "<group>"; };
		03FAE9BC18DDB17B00F79B8D /* attributes.h */ = {isa = PBXFileReference; fileEncoding = 4; lastKnownFileType = sourcecode.c.h; path = attributes.h; sourceTree = "<group>"; };
		03FAE9BD18DDB17B00F79B8D /* audio_fifo.h */ = {isa = PBXFileReference; fileEncoding = 4; lastKnownFileType = sourcecode.c.h; path = audio_fifo.h; sourceTree = "<group>"; };
		03FAE9BE18DDB17B00F79B8D /* audioconvert.h */ = {isa = PBXFileReference; fileEncoding = 4; lastKnownFileType = sourcecode.c.h; path = audioconvert.h; sourceTree = "<group>"; };
		03FAE9BF18DDB17B00F79B8D /* avassert.h */ = {isa = PBXFileReference; fileEncoding = 4; lastKnownFileType = sourcecode.c.h; path = avassert.h; sourceTree = "<group>"; };
		03FAE9C018DDB17B00F79B8D /* avconfig.h */ = {isa = PBXFileReference; fileEncoding = 4; lastKnownFileType = sourcecode.c.h; path = avconfig.h; sourceTree = "<group>"; };
		03FAE9C118DDB17B00F79B8D /* avstring.h */ = {isa = PBXFileReference; fileEncoding = 4; lastKnownFileType = sourcecode.c.h; path = avstring.h; sourceTree = "<group>"; };
		03FAE9C218DDB17B00F79B8D /* avutil.h */ = {isa = PBXFileReference; fileEncoding = 4; lastKnownFileType = sourcecode.c.h; path = avutil.h; sourceTree = "<group>"; };
		03FAE9C318DDB17B00F79B8D /* base64.h */ = {isa = PBXFileReference; fileEncoding = 4; lastKnownFileType = sourcecode.c.h; path = base64.h; sourceTree = "<group>"; };
		03FAE9C418DDB17B00F79B8D /* blowfish.h */ = {isa = PBXFileReference; fileEncoding = 4; lastKnownFileType = sourcecode.c.h; path = blowfish.h; sourceTree = "<group>"; };
		03FAE9C518DDB17B00F79B8D /* bprint.h */ = {isa = PBXFileReference; fileEncoding = 4; lastKnownFileType = sourcecode.c.h; path = bprint.h; sourceTree = "<group>"; };
		03FAE9C618DDB17B00F79B8D /* bswap.h */ = {isa = PBXFileReference; fileEncoding = 4; lastKnownFileType = sourcecode.c.h; path = bswap.h; sourceTree = "<group>"; };
		03FAE9C718DDB17B00F79B8D /* buffer.h */ = {isa = PBXFileReference; fileEncoding = 4; lastKnownFileType = sourcecode.c.h; path = buffer.h; sourceTree = "<group>"; };
		03FAE9C818DDB17B00F79B8D /* channel_layout.h */ = {isa = PBXFileReference; fileEncoding = 4; lastKnownFileType = sourcecode.c.h; path = channel_layout.h; sourceTree = "<group>"; };
		03FAE9C918DDB17B00F79B8D /* common.h */ = {isa = PBXFileReference; fileEncoding = 4; lastKnownFileType = sourcecode.c.h; path = common.h; sourceTree = "<group>"; };
		03FAE9CA18DDB17B00F79B8D /* cpu.h */ = {isa = PBXFileReference; fileEncoding = 4; lastKnownFileType = sourcecode.c.h; path = cpu.h; sourceTree = "<group>"; };
		03FAE9CB18DDB17B00F79B8D /* crc.h */ = {isa = PBXFileReference; fileEncoding = 4; lastKnownFileType = sourcecode.c.h; path = crc.h; sourceTree = "<group>"; };
		03FAE9CC18DDB17B00F79B8D /* dict.h */ = {isa = PBXFileReference; fileEncoding = 4; lastKnownFileType = sourcecode.c.h; path = dict.h; sourceTree = "<group>"; };
		03FAE9CD18DDB17B00F79B8D /* error.h */ = {isa = PBXFileReference; fileEncoding = 4; lastKnownFileType = sourcecode.c.h; path = error.h; sourceTree = "<group>"; };
		03FAE9CE18DDB17B00F79B8D /* eval.h */ = {isa = PBXFileReference; fileEncoding = 4; lastKnownFileType = sourcecode.c.h; path = eval.h; sourceTree = "<group>"; };
		03FAE9CF18DDB17B00F79B8D /* fifo.h */ = {isa = PBXFileReference; fileEncoding = 4; lastKnownFileType = sourcecode.c.h; path = fifo.h; sourceTree = "<group>"; };
		03FAE9D018DDB17B00F79B8D /* file.h */ = {isa = PBXFileReference; fileEncoding = 4; lastKnownFileType = sourcecode.c.h; path = file.h; sourceTree = "<group>"; };
		03FAE9D118DDB17B00F79B8D /* frame.h */ = {isa = PBXFileReference; fileEncoding = 4; lastKnownFileType = sourcecode.c.h; path = frame.h; sourceTree = "<group>"; };
		03FAE9D218DDB17B00F79B8D /* hmac.h */ = {isa = PBXFileReference; fileEncoding = 4; lastKnownFileType = sourcecode.c.h; path = hmac.h; sourceTree = "<group>"; };
		03FAE9D318DDB17B00F79B8D /* imgutils.h */ = {isa = PBXFileReference; fileEncoding = 4; lastKnownFileType = sourcecode.c.h; path = imgutils.h; sourceTree = "<group>"; };
		03FAE9D418DDB17B00F79B8D /* intfloat.h */ = {isa = PBXFileReference; fileEncoding = 4; lastKnownFileType = sourcecode.c.h; path = intfloat.h; sourceTree = "<group>"; };
		03FAE9D518DDB17B00F79B8D /* intfloat_readwrite.h */ = {isa = PBXFileReference; fileEncoding = 4; lastKnownFileType = sourcecode.c.h; path = intfloat_readwrite.h; sourceTree = "<group>"; };
		03FAE9D618DDB17B00F79B8D /* intreadwrite.h */ = {isa = PBXFileReference; fileEncoding = 4; lastKnownFileType = sourcecode.c.h; path = intreadwrite.h; sourceTree = "<group>"; };
		03FAE9D718DDB17B00F79B8D /* lfg.h */ = {isa = PBXFileReference; fileEncoding = 4; lastKnownFileType = sourcecode.c.h; path = lfg.h; sourceTree = "<group>"; };
		03FAE9D818DDB17B00F79B8D /* log.h */ = {isa = PBXFileReference; fileEncoding = 4; lastKnownFileType = sourcecode.c.h; path = log.h; sourceTree = "<group>"; };
		03FAE9D918DDB17B00F79B8D /* lzo.h */ = {isa = PBXFileReference; fileEncoding = 4; lastKnownFileType = sourcecode.c.h; path = lzo.h; sourceTree = "<group>"; };
		03FAE9DA18DDB17B00F79B8D /* mathematics.h */ = {isa = PBXFileReference; fileEncoding = 4; lastKnownFileType = sourcecode.c.h; path = mathematics.h; sourceTree = "<group>"; };
		03FAE9DB18DDB17B00F79B8D /* md5.h */ = {isa = PBXFileReference; fileEncoding = 4; lastKnownFileType = sourcecode.c.h; path = md5.h; sourceTree = "<group>"; };
		03FAE9DC18DDB17B00F79B8D /* mem.h */ = {isa = PBXFileReference; fileEncoding = 4; lastKnownFileType = sourcecode.c.h; path = mem.h; sourceTree = "<group>"; };
		03FAE9DD18DDB17B00F79B8D /* murmur3.h */ = {isa = PBXFileReference; fileEncoding = 4; lastKnownFileType = sourcecode.c.h; path = murmur3.h; sourceTree = "<group>"; };
		03FAE9DE18DDB17B00F79B8D /* old_pix_fmts.h */ = {isa = PBXFileReference; fileEncoding = 4; lastKnownFileType = sourcecode.c.h; path = old_pix_fmts.h; sourceTree = "<group>"; };
		03FAE9DF18DDB17B00F79B8D /* opt.h */ = {isa = PBXFileReference; fileEncoding = 4; lastKnownFileType = sourcecode.c.h; path = opt.h; sourceTree = "<group>"; };
		03FAE9E018DDB17B00F79B8D /* parseutils.h */ = {isa = PBXFileReference; fileEncoding = 4; lastKnownFileType = sourcecode.c.h; path = parseutils.h; sourceTree = "<group>"; };
		03FAE9E118DDB17B00F79B8D /* pixdesc.h */ = {isa = PBXFileReference; fileEncoding = 4; lastKnownFileType = sourcecode.c.h; path = pixdesc.h; sourceTree = "<group>"; };
		03FAE9E218DDB17B00F79B8D /* pixfmt.h */ = {isa = PBXFileReference; fileEncoding = 4; lastKnownFileType = sourcecode.c.h; path = pixfmt.h; sourceTree = "<group>"; };
		03FAE9E318DDB17B00F79B8D /* random_seed.h */ = {isa = PBXFileReference; fileEncoding = 4; lastKnownFileType = sourcecode.c.h; path = random_seed.h; sourceTree = "<group>"; };
		03FAE9E418DDB17B00F79B8D /* rational.h */ = {isa = PBXFileReference; fileEncoding = 4; lastKnownFileType = sourcecode.c.h; path = rational.h; sourceTree = "<group>"; };
		03FAE9E518DDB17B00F79B8D /* ripemd.h */ = {isa = PBXFileReference; fileEncoding = 4; lastKnownFileType = sourcecode.c.h; path = ripemd.h; sourceTree = "<group>"; };
		03FAE9E618DDB17B00F79B8D /* samplefmt.h */ = {isa = PBXFileReference; fileEncoding = 4; lastKnownFileType = sourcecode.c.h; path = samplefmt.h; sourceTree = "<group>"; };
		03FAE9E718DDB17B00F79B8D /* sha.h */ = {isa = PBXFileReference; fileEncoding = 4; lastKnownFileType = sourcecode.c.h; path = sha.h; sourceTree = "<group>"; };
		03FAE9E818DDB17B00F79B8D /* sha512.h */ = {isa = PBXFileReference; fileEncoding = 4; lastKnownFileType = sourcecode.c.h; path = sha512.h; sourceTree = "<group>"; };
		03FAE9E918DDB17B00F79B8D /* time.h */ = {isa = PBXFileReference; fileEncoding = 4; lastKnownFileType = sourcecode.c.h; path = time.h; sourceTree = "<group>"; };
		03FAE9EA18DDB17B00F79B8D /* timecode.h */ = {isa = PBXFileReference; fileEncoding = 4; lastKnownFileType = sourcecode.c.h; path = timecode.h; sourceTree = "<group>"; };
		03FAE9EB18DDB17B00F79B8D /* timestamp.h */ = {isa = PBXFileReference; fileEncoding = 4; lastKnownFileType = sourcecode.c.h; path = timestamp.h; sourceTree = "<group>"; };
		03FAE9EC18DDB17B00F79B8D /* version.h */ = {isa = PBXFileReference; fileEncoding = 4; lastKnownFileType = sourcecode.c.h; path = version.h; sourceTree = "<group>"; };
		03FAE9ED18DDB17B00F79B8D /* xtea.h */ = {isa = PBXFileReference; fileEncoding = 4; lastKnownFileType = sourcecode.c.h; path = xtea.h; sourceTree = "<group>"; };
		03FAE9EF18DDB17B00F79B8D /* swresample.h */ = {isa = PBXFileReference; fileEncoding = 4; lastKnownFileType = sourcecode.c.h; path = swresample.h; sourceTree = "<group>"; };
		03FAE9F018DDB17B00F79B8D /* version.h */ = {isa = PBXFileReference; fileEncoding = 4; lastKnownFileType = sourcecode.c.h; path = version.h; sourceTree = "<group>"; };
		03FAE9F218DDB17B00F79B8D /* swscale.h */ = {isa = PBXFileReference; fileEncoding = 4; lastKnownFileType = sourcecode.c.h; path = swscale.h; sourceTree = "<group>"; };
		03FAE9F318DDB17B00F79B8D /* version.h */ = {isa = PBXFileReference; fileEncoding = 4; lastKnownFileType = sourcecode.c.h; path = version.h; sourceTree = "<group>"; };
		03FAE9F518DDB17B00F79B8D /* libavcodec.a */ = {isa = PBXFileReference; lastKnownFileType = archive.ar; path = libavcodec.a; sourceTree = "<group>"; };
		03FAE9F618DDB17B00F79B8D /* libavdevice.a */ = {isa = PBXFileReference; lastKnownFileType = archive.ar; path = libavdevice.a; sourceTree = "<group>"; };
		03FAE9F718DDB17B00F79B8D /* libavfilter.a */ = {isa = PBXFileReference; lastKnownFileType = archive.ar; path = libavfilter.a; sourceTree = "<group>"; };
		03FAE9F818DDB17B00F79B8D /* libavformat.a */ = {isa = PBXFileReference; lastKnownFileType = archive.ar; path = libavformat.a; sourceTree = "<group>"; };
		03FAE9F918DDB17B00F79B8D /* libavresample.a */ = {isa = PBXFileReference; lastKnownFileType = archive.ar; path = libavresample.a; sourceTree = "<group>"; };
		03FAE9FA18DDB17B00F79B8D /* libavutil.a */ = {isa = PBXFileReference; lastKnownFileType = archive.ar; path = libavutil.a; sourceTree = "<group>"; };
		03FAE9FB18DDB17B00F79B8D /* libswresample.a */ = {isa = PBXFileReference; lastKnownFileType = archive.ar; path = libswresample.a; sourceTree = "<group>"; };
		03FAE9FC18DDB17B00F79B8D /* libswscale.a */ = {isa = PBXFileReference; lastKnownFileType = archive.ar; path = libswscale.a; sourceTree = "<group>"; };
		03FAEA0618DDB22100F79B8D /* AudioPacketQueue.h */ = {isa = PBXFileReference; fileEncoding = 4; lastKnownFileType = sourcecode.c.h; path = AudioPacketQueue.h; sourceTree = "<group>"; };
		03FAEA0718DDB22100F79B8D /* AudioPacketQueue.m */ = {isa = PBXFileReference; fileEncoding = 4; lastKnownFileType = sourcecode.c.objc; path = AudioPacketQueue.m; sourceTree = "<group>"; };
		03FAEA0818DDB22100F79B8D /* AudioPlayer.h */ = {isa = PBXFileReference; fileEncoding = 4; lastKnownFileType = sourcecode.c.h; path = AudioPlayer.h; sourceTree = "<group>"; };
		03FAEA0918DDB22100F79B8D /* AudioPlayer.m */ = {isa = PBXFileReference; fileEncoding = 4; lastKnownFileType = sourcecode.c.objc; path = AudioPlayer.m; sourceTree = "<group>"; };
		03FAEA0A18DDB22100F79B8D /* AudioUtilities.h */ = {isa = PBXFileReference; fileEncoding = 4; lastKnownFileType = sourcecode.c.h; path = AudioUtilities.h; sourceTree = "<group>"; };
		03FAEA0B18DDB22100F79B8D /* AudioUtilities.m */ = {isa = PBXFileReference; fileEncoding = 4; lastKnownFileType = sourcecode.c.objc; path = AudioUtilities.m; sourceTree = "<group>"; };
		03FAEA0F18DDB29300F79B8D /* libz.1.2.5.dylib */ = {isa = PBXFileReference; lastKnownFileType = "compiled.mach-o.dylib"; name = libz.1.2.5.dylib; path = usr/lib/libz.1.2.5.dylib; sourceTree = SDKROOT; };
/* End PBXFileReference section */

/* Begin PBXFrameworksBuildPhase section */
		03FAE96018DDB13F00F79B8D /* Frameworks */ = {
			isa = PBXFrameworksBuildPhase;
			buildActionMask = 2147483647;
			files = (
				03FAEA1018DDB29300F79B8D /* libz.1.2.5.dylib in Frameworks */,
				03FAEA0218DDB17C00F79B8D /* libavutil.a in Frameworks */,
				03FAE9FF18DDB17C00F79B8D /* libavfilter.a in Frameworks */,
				03FAEA0418DDB17C00F79B8D /* libswscale.a in Frameworks */,
				03FAE9FE18DDB17C00F79B8D /* libavdevice.a in Frameworks */,
				03FAEA0018DDB17C00F79B8D /* libavformat.a in Frameworks */,
				03FAE96918DDB13F00F79B8D /* CoreGraphics.framework in Frameworks */,
				03FAE96B18DDB13F00F79B8D /* UIKit.framework in Frameworks */,
				03FAEA0318DDB17C00F79B8D /* libswresample.a in Frameworks */,
				03FAEA0118DDB17C00F79B8D /* libavresample.a in Frameworks */,
				03FAE96718DDB13F00F79B8D /* Foundation.framework in Frameworks */,
				03FAE9FD18DDB17C00F79B8D /* libavcodec.a in Frameworks */,
			);
			runOnlyForDeploymentPostprocessing = 0;
		};
		03FAE98118DDB13F00F79B8D /* Frameworks */ = {
			isa = PBXFrameworksBuildPhase;
			buildActionMask = 2147483647;
			files = (
				03FAE98618DDB13F00F79B8D /* XCTest.framework in Frameworks */,
				03FAE98818DDB13F00F79B8D /* UIKit.framework in Frameworks */,
				03FAE98718DDB13F00F79B8D /* Foundation.framework in Frameworks */,
			);
			runOnlyForDeploymentPostprocessing = 0;
		};
/* End PBXFrameworksBuildPhase section */

/* Begin PBXGroup section */
		03FAE95A18DDB13F00F79B8D = {
			isa = PBXGroup;
			children = (
				03FAE96C18DDB13F00F79B8D /* FFmpegDemo_2014 */,
				03FAE98B18DDB13F00F79B8D /* FFmpegDemo_2014Tests */,
				03FAE96518DDB13F00F79B8D /* Frameworks */,
				03FAE96418DDB13F00F79B8D /* Products */,
			);
			sourceTree = "<group>";
		};
		03FAE96418DDB13F00F79B8D /* Products */ = {
			isa = PBXGroup;
			children = (
				03FAE96318DDB13F00F79B8D /* FFmpegDemo_2014.app */,
				03FAE98418DDB13F00F79B8D /* FFmpegDemo_2014Tests.xctest */,
			);
			name = Products;
			sourceTree = "<group>";
		};
		03FAE96518DDB13F00F79B8D /* Frameworks */ = {
			isa = PBXGroup;
			children = (
				03FAEA0F18DDB29300F79B8D /* libz.1.2.5.dylib */,
				03FAE96618DDB13F00F79B8D /* Foundation.framework */,
				03FAE96818DDB13F00F79B8D /* CoreGraphics.framework */,
				03FAE96A18DDB13F00F79B8D /* UIKit.framework */,
				03FAE98518DDB13F00F79B8D /* XCTest.framework */,
			);
			name = Frameworks;
			sourceTree = "<group>";
		};
		03FAE96C18DDB13F00F79B8D /* FFmpegDemo_2014 */ = {
			isa = PBXGroup;
			children = (
				03FAE99B18DDB17B00F79B8D /* universal */,
				03FAEA0518DDB22100F79B8D /* Audio */,
				03FAE97518DDB13F00F79B8D /* AppDelegate.h */,
				03FAE97618DDB13F00F79B8D /* AppDelegate.m */,
				03FAE97818DDB13F00F79B8D /* Main.storyboard */,
				03FAE97B18DDB13F00F79B8D /* ViewController.h */,
				03FAE97C18DDB13F00F79B8D /* ViewController.m */,
				03FAE97E18DDB13F00F79B8D /* Images.xcassets */,
				03FAE96D18DDB13F00F79B8D /* Supporting Files */,
			);
			path = FFmpegDemo_2014;
			sourceTree = "<group>";
		};
		03FAE96D18DDB13F00F79B8D /* Supporting Files */ = {
			isa = PBXGroup;
			children = (
				03FAE96E18DDB13F00F79B8D /* FFmpegDemo_2014-Info.plist */,
				03FAE96F18DDB13F00F79B8D /* InfoPlist.strings */,
				03FAE97218DDB13F00F79B8D /* main.m */,
				03FAE97418DDB13F00F79B8D /* FFmpegDemo_2014-Prefix.pch */,
			);
			name = "Supporting Files";
			sourceTree = "<group>";
		};
		03FAE98B18DDB13F00F79B8D /* FFmpegDemo_2014Tests */ = {
			isa = PBXGroup;
			children = (
				03FAE99118DDB13F00F79B8D /* FFmpegDemo_2014Tests.m */,
				03FAE98C18DDB13F00F79B8D /* Supporting Files */,
			);
			path = FFmpegDemo_2014Tests;
			sourceTree = "<group>";
		};
		03FAE98C18DDB13F00F79B8D /* Supporting Files */ = {
			isa = PBXGroup;
			children = (
				03FAE98D18DDB13F00F79B8D /* FFmpegDemo_2014Tests-Info.plist */,
				03FAE98E18DDB13F00F79B8D /* InfoPlist.strings */,
			);
			name = "Supporting Files";
			sourceTree = "<group>";
		};
		03FAE99B18DDB17B00F79B8D /* universal */ = {
			isa = PBXGroup;
			children = (
				03FAE99C18DDB17B00F79B8D /* include */,
				03FAE9F418DDB17B00F79B8D /* lib */,
			);
			path = universal;
			sourceTree = "<group>";
		};
		03FAE99C18DDB17B00F79B8D /* include */ = {
			isa = PBXGroup;
			children = (
				03FAE99D18DDB17B00F79B8D /* libavcodec */,
				03FAE9A718DDB17B00F79B8D /* libavdevice */,
				03FAE9AA18DDB17B00F79B8D /* libavfilter */,
				03FAE9B218DDB17B00F79B8D /* libavformat */,
				03FAE9B618DDB17B00F79B8D /* libavresample */,
				03FAE9B918DDB17B00F79B8D /* libavutil */,
				03FAE9EE18DDB17B00F79B8D /* libswresample */,
				03FAE9F118DDB17B00F79B8D /* libswscale */,
			);
			path = include;
			sourceTree = "<group>";
		};
		03FAE99D18DDB17B00F79B8D /* libavcodec */ = {
			isa = PBXGroup;
			children = (
				03FAE99E18DDB17B00F79B8D /* avcodec.h */,
				03FAE99F18DDB17B00F79B8D /* avfft.h */,
				03FAE9A018DDB17B00F79B8D /* dxva2.h */,
				03FAE9A118DDB17B00F79B8D /* old_codec_ids.h */,
				03FAE9A218DDB17B00F79B8D /* vaapi.h */,
				03FAE9A318DDB17B00F79B8D /* vda.h */,
				03FAE9A418DDB17B00F79B8D /* vdpau.h */,
				03FAE9A518DDB17B00F79B8D /* version.h */,
				03FAE9A618DDB17B00F79B8D /* xvmc.h */,
			);
			path = libavcodec;
			sourceTree = "<group>";
		};
		03FAE9A718DDB17B00F79B8D /* libavdevice */ = {
			isa = PBXGroup;
			children = (
				03FAE9A818DDB17B00F79B8D /* avdevice.h */,
				03FAE9A918DDB17B00F79B8D /* version.h */,
			);
			path = libavdevice;
			sourceTree = "<group>";
		};
		03FAE9AA18DDB17B00F79B8D /* libavfilter */ = {
			isa = PBXGroup;
			children = (
				03FAE9AB18DDB17B00F79B8D /* asrc_abuffer.h */,
				03FAE9AC18DDB17B00F79B8D /* avcodec.h */,
				03FAE9AD18DDB17B00F79B8D /* avfilter.h */,
				03FAE9AE18DDB17B00F79B8D /* avfiltergraph.h */,
				03FAE9AF18DDB17B00F79B8D /* buffersink.h */,
				03FAE9B018DDB17B00F79B8D /* buffersrc.h */,
				03FAE9B118DDB17B00F79B8D /* version.h */,
			);
			path = libavfilter;
			sourceTree = "<group>";
		};
		03FAE9B218DDB17B00F79B8D /* libavformat */ = {
			isa = PBXGroup;
			children = (
				03FAE9B318DDB17B00F79B8D /* avformat.h */,
				03FAE9B418DDB17B00F79B8D /* avio.h */,
				03FAE9B518DDB17B00F79B8D /* version.h */,
			);
			path = libavformat;
			sourceTree = "<group>";
		};
		03FAE9B618DDB17B00F79B8D /* libavresample */ = {
			isa = PBXGroup;
			children = (
				03FAE9B718DDB17B00F79B8D /* avresample.h */,
				03FAE9B818DDB17B00F79B8D /* version.h */,
			);
			path = libavresample;
			sourceTree = "<group>";
		};
		03FAE9B918DDB17B00F79B8D /* libavutil */ = {
			isa = PBXGroup;
			children = (
				03FAE9BA18DDB17B00F79B8D /* adler32.h */,
				03FAE9BB18DDB17B00F79B8D /* aes.h */,
				03FAE9BC18DDB17B00F79B8D /* attributes.h */,
				03FAE9BD18DDB17B00F79B8D /* audio_fifo.h */,
				03FAE9BE18DDB17B00F79B8D /* audioconvert.h */,
				03FAE9BF18DDB17B00F79B8D /* avassert.h */,
				03FAE9C018DDB17B00F79B8D /* avconfig.h */,
				03FAE9C118DDB17B00F79B8D /* avstring.h */,
				03FAE9C218DDB17B00F79B8D /* avutil.h */,
				03FAE9C318DDB17B00F79B8D /* base64.h */,
				03FAE9C418DDB17B00F79B8D /* blowfish.h */,
				03FAE9C518DDB17B00F79B8D /* bprint.h */,
				03FAE9C618DDB17B00F79B8D /* bswap.h */,
				03FAE9C718DDB17B00F79B8D /* buffer.h */,
				03FAE9C818DDB17B00F79B8D /* channel_layout.h */,
				03FAE9C918DDB17B00F79B8D /* common.h */,
				03FAE9CA18DDB17B00F79B8D /* cpu.h */,
				03FAE9CB18DDB17B00F79B8D /* crc.h */,
				03FAE9CC18DDB17B00F79B8D /* dict.h */,
				03FAE9CD18DDB17B00F79B8D /* error.h */,
				03FAE9CE18DDB17B00F79B8D /* eval.h */,
				03FAE9CF18DDB17B00F79B8D /* fifo.h */,
				03FAE9D018DDB17B00F79B8D /* file.h */,
				03FAE9D118DDB17B00F79B8D /* frame.h */,
				03FAE9D218DDB17B00F79B8D /* hmac.h */,
				03FAE9D318DDB17B00F79B8D /* imgutils.h */,
				03FAE9D418DDB17B00F79B8D /* intfloat.h */,
				03FAE9D518DDB17B00F79B8D /* intfloat_readwrite.h */,
				03FAE9D618DDB17B00F79B8D /* intreadwrite.h */,
				03FAE9D718DDB17B00F79B8D /* lfg.h */,
				03FAE9D818DDB17B00F79B8D /* log.h */,
				03FAE9D918DDB17B00F79B8D /* lzo.h */,
				03FAE9DA18DDB17B00F79B8D /* mathematics.h */,
				03FAE9DB18DDB17B00F79B8D /* md5.h */,
				03FAE9DC18DDB17B00F79B8D /* mem.h */,
				03FAE9DD18DDB17B00F79B8D /* murmur3.h */,
				03FAE9DE18DDB17B00F79B8D /* old_pix_fmts.h */,
				03FAE9DF18DDB17B00F79B8D /* opt.h */,
				03FAE9E018DDB17B00F79B8D /* parseutils.h */,
				03FAE9E118DDB17B00F79B8D /* pixdesc.h */,
				03FAE9E218DDB17B00F79B8D /* pixfmt.h */,
				03FAE9E318DDB17B00F79B8D /* random_seed.h */,
				03FAE9E418DDB17B00F79B8D /* rational.h */,
				03FAE9E518DDB17B00F79B8D /* ripemd.h */,
				03FAE9E618DDB17B00F79B8D /* samplefmt.h */,
				03FAE9E718DDB17B00F79B8D /* sha.h */,
				03FAE9E818DDB17B00F79B8D /* sha512.h */,
				03FAE9E918DDB17B00F79B8D /* time.h */,
				03FAE9EA18DDB17B00F79B8D /* timecode.h */,
				03FAE9EB18DDB17B00F79B8D /* timestamp.h */,
				03FAE9EC18DDB17B00F79B8D /* version.h */,
				03FAE9ED18DDB17B00F79B8D /* xtea.h */,
			);
			path = libavutil;
			sourceTree = "<group>";
		};
		03FAE9EE18DDB17B00F79B8D /* libswresample */ = {
			isa = PBXGroup;
			children = (
				03FAE9EF18DDB17B00F79B8D /* swresample.h */,
				03FAE9F018DDB17B00F79B8D /* version.h */,
			);
			path = libswresample;
			sourceTree = "<group>";
		};
		03FAE9F118DDB17B00F79B8D /* libswscale */ = {
			isa = PBXGroup;
			children = (
				03FAE9F218DDB17B00F79B8D /* swscale.h */,
				03FAE9F318DDB17B00F79B8D /* version.h */,
			);
			path = libswscale;
			sourceTree = "<group>";
		};
		03FAE9F418DDB17B00F79B8D /* lib */ = {
			isa = PBXGroup;
			children = (
				03FAE9F518DDB17B00F79B8D /* libavcodec.a */,
				03FAE9F618DDB17B00F79B8D /* libavdevice.a */,
				03FAE9F718DDB17B00F79B8D /* libavfilter.a */,
				03FAE9F818DDB17B00F79B8D /* libavformat.a */,
				03FAE9F918DDB17B00F79B8D /* libavresample.a */,
				03FAE9FA18DDB17B00F79B8D /* libavutil.a */,
				03FAE9FB18DDB17B00F79B8D /* libswresample.a */,
				03FAE9FC18DDB17B00F79B8D /* libswscale.a */,
			);
			path = lib;
			sourceTree = "<group>";
		};
		03FAEA0518DDB22100F79B8D /* Audio */ = {
			isa = PBXGroup;
			children = (
				03FAEA0618DDB22100F79B8D /* AudioPacketQueue.h */,
				03FAEA0718DDB22100F79B8D /* AudioPacketQueue.m */,
				03FAEA0818DDB22100F79B8D /* AudioPlayer.h */,
				03FAEA0918DDB22100F79B8D /* AudioPlayer.m */,
				03FAEA0A18DDB22100F79B8D /* AudioUtilities.h */,
				03FAEA0B18DDB22100F79B8D /* AudioUtilities.m */,
			);
			path = Audio;
			sourceTree = "<group>";
		};
/* End PBXGroup section */

/* Begin PBXNativeTarget section */
		03FAE96218DDB13F00F79B8D /* FFmpegDemo_2014 */ = {
			isa = PBXNativeTarget;
			buildConfigurationList = 03FAE99518DDB13F00F79B8D /* Build configuration list for PBXNativeTarget "FFmpegDemo_2014" */;
			buildPhases = (
				03FAE95F18DDB13F00F79B8D /* Sources */,
				03FAE96018DDB13F00F79B8D /* Frameworks */,
				03FAE96118DDB13F00F79B8D /* Resources */,
			);
			buildRules = (
			);
			dependencies = (
			);
			name = FFmpegDemo_2014;
			productName = FFmpegDemo_2014;
			productReference = 03FAE96318DDB13F00F79B8D /* FFmpegDemo_2014.app */;
			productType = "com.apple.product-type.application";
		};
		03FAE98318DDB13F00F79B8D /* FFmpegDemo_2014Tests */ = {
			isa = PBXNativeTarget;
			buildConfigurationList = 03FAE99818DDB13F00F79B8D /* Build configuration list for PBXNativeTarget "FFmpegDemo_2014Tests" */;
			buildPhases = (
				03FAE98018DDB13F00F79B8D /* Sources */,
				03FAE98118DDB13F00F79B8D /* Frameworks */,
				03FAE98218DDB13F00F79B8D /* Resources */,
			);
			buildRules = (
			);
			dependencies = (
				03FAE98A18DDB13F00F79B8D /* PBXTargetDependency */,
			);
			name = FFmpegDemo_2014Tests;
			productName = FFmpegDemo_2014Tests;
			productReference = 03FAE98418DDB13F00F79B8D /* FFmpegDemo_2014Tests.xctest */;
			productType = "com.apple.product-type.bundle.unit-test";
		};
/* End PBXNativeTarget section */

/* Begin PBXProject section */
		03FAE95B18DDB13F00F79B8D /* Project object */ = {
			isa = PBXProject;
			attributes = {
				LastUpgradeCheck = 0510;
				ORGANIZATIONNAME = shouian;
				TargetAttributes = {
					03FAE98318DDB13F00F79B8D = {
						TestTargetID = 03FAE96218DDB13F00F79B8D;
					};
				};
			};
			buildConfigurationList = 03FAE95E18DDB13F00F79B8D /* Build configuration list for PBXProject "FFmpegDemo_2014" */;
			compatibilityVersion = "Xcode 3.2";
			developmentRegion = English;
			hasScannedForEncodings = 0;
			knownRegions = (
				en,
				Base,
			);
			mainGroup = 03FAE95A18DDB13F00F79B8D;
			productRefGroup = 03FAE96418DDB13F00F79B8D /* Products */;
			projectDirPath = "";
			projectRoot = "";
			targets = (
				03FAE96218DDB13F00F79B8D /* FFmpegDemo_2014 */,
				03FAE98318DDB13F00F79B8D /* FFmpegDemo_2014Tests */,
			);
		};
/* End PBXProject section */

/* Begin PBXResourcesBuildPhase section */
		03FAE96118DDB13F00F79B8D /* Resources */ = {
			isa = PBXResourcesBuildPhase;
			buildActionMask = 2147483647;
			files = (
				03FAE97F18DDB13F00F79B8D /* Images.xcassets in Resources */,
				03FAE97118DDB13F00F79B8D /* InfoPlist.strings in Resources */,
				03FAE97A18DDB13F00F79B8D /* Main.storyboard in Resources */,
			);
			runOnlyForDeploymentPostprocessing = 0;
		};
		03FAE98218DDB13F00F79B8D /* Resources */ = {
			isa = PBXResourcesBuildPhase;
			buildActionMask = 2147483647;
			files = (
				03FAE99018DDB13F00F79B8D /* InfoPlist.strings in Resources */,
			);
			runOnlyForDeploymentPostprocessing = 0;
		};
/* End PBXResourcesBuildPhase section */

/* Begin PBXSourcesBuildPhase section */
		03FAE95F18DDB13F00F79B8D /* Sources */ = {
			isa = PBXSourcesBuildPhase;
			buildActionMask = 2147483647;
			files = (
				03FAEA0C18DDB22100F79B8D /* AudioPacketQueue.m in Sources */,
				03FAEA0E18DDB22100F79B8D /* AudioUtilities.m in Sources */,
				03FAE97D18DDB13F00F79B8D /* ViewController.m in Sources */,
				03FAEA0D18DDB22100F79B8D /* AudioPlayer.m in Sources */,
				03FAE97718DDB13F00F79B8D /* AppDelegate.m in Sources */,
				03FAE97318DDB13F00F79B8D /* main.m in Sources */,
			);
			runOnlyForDeploymentPostprocessing = 0;
		};
		03FAE98018DDB13F00F79B8D /* Sources */ = {
			isa = PBXSourcesBuildPhase;
			buildActionMask = 2147483647;
			files = (
				03FAE99218DDB13F00F79B8D /* FFmpegDemo_2014Tests.m in Sources */,
			);
			runOnlyForDeploymentPostprocessing = 0;
		};
/* End PBXSourcesBuildPhase section */

/* Begin PBXTargetDependency section */
		03FAE98A18DDB13F00F79B8D /* PBXTargetDependency */ = {
			isa = PBXTargetDependency;
			target = 03FAE96218DDB13F00F79B8D /* FFmpegDemo_2014 */;
			targetProxy = 03FAE98918DDB13F00F79B8D /* PBXContainerItemProxy */;
		};
/* End PBXTargetDependency section */

/* Begin PBXVariantGroup section */
		03FAE96F18DDB13F00F79B8D /* InfoPlist.strings */ = {
			isa = PBXVariantGroup;
			children = (
				03FAE97018DDB13F00F79B8D /* en */,
			);
			name = InfoPlist.strings;
			sourceTree = "<group>";
		};
		03FAE97818DDB13F00F79B8D /* Main.storyboard */ = {
			isa = PBXVariantGroup;
			children = (
				03FAE97918DDB13F00F79B8D /* Base */,
			);
			name = Main.storyboard;
			sourceTree = "<group>";
		};
		03FAE98E18DDB13F00F79B8D /* InfoPlist.strings */ = {
			isa = PBXVariantGroup;
			children = (
				03FAE98F18DDB13F00F79B8D /* en */,
			);
			name = InfoPlist.strings;
			sourceTree = "<group>";
		};
/* End PBXVariantGroup section */

/* Begin XCBuildConfiguration section */
		03FAE99318DDB13F00F79B8D /* Debug */ = {
			isa = XCBuildConfiguration;
			buildSettings = {
				ALWAYS_SEARCH_USER_PATHS = NO;
				CLANG_CXX_LANGUAGE_STANDARD = "gnu++0x";
				CLANG_CXX_LIBRARY = "libc++";
				CLANG_ENABLE_MODULES = YES;
				CLANG_ENABLE_OBJC_ARC = YES;
				CLANG_WARN_BOOL_CONVERSION = YES;
				CLANG_WARN_CONSTANT_CONVERSION = YES;
				CLANG_WARN_DIRECT_OBJC_ISA_USAGE = YES_ERROR;
				CLANG_WARN_EMPTY_BODY = YES;
				CLANG_WARN_ENUM_CONVERSION = YES;
				CLANG_WARN_INT_CONVERSION = YES;
				CLANG_WARN_OBJC_ROOT_CLASS = YES_ERROR;
				CLANG_WARN__DUPLICATE_METHOD_MATCH = YES;
				"CODE_SIGN_IDENTITY[sdk=iphoneos*]" = "iPhone Developer";
				COPY_PHASE_STRIP = NO;
				GCC_C_LANGUAGE_STANDARD = gnu99;
				GCC_DYNAMIC_NO_PIC = NO;
				GCC_OPTIMIZATION_LEVEL = 0;
				GCC_PREPROCESSOR_DEFINITIONS = (
					"DEBUG=1",
					"$(inherited)",
				);
				GCC_SYMBOLS_PRIVATE_EXTERN = NO;
				GCC_WARN_64_TO_32_BIT_CONVERSION = YES;
				GCC_WARN_ABOUT_RETURN_TYPE = YES_ERROR;
				GCC_WARN_UNDECLARED_SELECTOR = YES;
				GCC_WARN_UNINITIALIZED_AUTOS = YES_AGGRESSIVE;
				GCC_WARN_UNUSED_FUNCTION = YES;
				GCC_WARN_UNUSED_VARIABLE = YES;
				IPHONEOS_DEPLOYMENT_TARGET = 7.1;
				ONLY_ACTIVE_ARCH = YES;
				SDKROOT = iphoneos;
			};
			name = Debug;
		};
		03FAE99418DDB13F00F79B8D /* Release */ = {
			isa = XCBuildConfiguration;
			buildSettings = {
				ALWAYS_SEARCH_USER_PATHS = NO;
				CLANG_CXX_LANGUAGE_STANDARD = "gnu++0x";
				CLANG_CXX_LIBRARY = "libc++";
				CLANG_ENABLE_MODULES = YES;
				CLANG_ENABLE_OBJC_ARC = YES;
				CLANG_WARN_BOOL_CONVERSION = YES;
				CLANG_WARN_CONSTANT_CONVERSION = YES;
				CLANG_WARN_DIRECT_OBJC_ISA_USAGE = YES_ERROR;
				CLANG_WARN_EMPTY_BODY = YES;
				CLANG_WARN_ENUM_CONVERSION = YES;
				CLANG_WARN_INT_CONVERSION = YES;
				CLANG_WARN_OBJC_ROOT_CLASS = YES_ERROR;
				CLANG_WARN__DUPLICATE_METHOD_MATCH = YES;
				"CODE_SIGN_IDENTITY[sdk=iphoneos*]" = "iPhone Developer";
				COPY_PHASE_STRIP = YES;
				ENABLE_NS_ASSERTIONS = NO;
				GCC_C_LANGUAGE_STANDARD = gnu99;
				GCC_WARN_64_TO_32_BIT_CONVERSION = YES;
				GCC_WARN_ABOUT_RETURN_TYPE = YES_ERROR;
				GCC_WARN_UNDECLARED_SELECTOR = YES;
				GCC_WARN_UNINITIALIZED_AUTOS = YES_AGGRESSIVE;
				GCC_WARN_UNUSED_FUNCTION = YES;
				GCC_WARN_UNUSED_VARIABLE = YES;
				IPHONEOS_DEPLOYMENT_TARGET = 7.1;
				SDKROOT = iphoneos;
				VALIDATE_PRODUCT = YES;
			};
			name = Release;
		};
		03FAE99618DDB13F00F79B8D /* Debug */ = {
			isa = XCBuildConfiguration;
			buildSettings = {
				ASSETCATALOG_COMPILER_APPICON_NAME = AppIcon;
				ASSETCATALOG_COMPILER_LAUNCHIMAGE_NAME = LaunchImage;
				CLANG_ENABLE_OBJC_ARC = NO;
				GCC_PRECOMPILE_PREFIX_HEADER = YES;
				GCC_PREFIX_HEADER = "FFmpegDemo_2014/FFmpegDemo_2014-Prefix.pch";
				HEADER_SEARCH_PATHS = (
					"$(inherited)",
					/Applications/Xcode.app/Contents/Developer/Toolchains/XcodeDefault.xctoolchain/usr/include,
					"$(PROJECT_DIR)/FFmpegDemo_2014/universal/include",
				);
				INFOPLIST_FILE = "FFmpegDemo_2014/FFmpegDemo_2014-Info.plist";
				LIBRARY_SEARCH_PATHS = (
					"$(inherited)",
					"$(PROJECT_DIR)/FFmpegDemo_2014/universal/lib",
				);
				ONLY_ACTIVE_ARCH = NO;
				PRODUCT_NAME = "$(TARGET_NAME)";
				VALID_ARCHS = "armv7 armv7s";
				WRAPPER_EXTENSION = app;
			};
			name = Debug;
		};
		03FAE99718DDB13F00F79B8D /* Release */ = {
			isa = XCBuildConfiguration;
			buildSettings = {
				ASSETCATALOG_COMPILER_APPICON_NAME = AppIcon;
				ASSETCATALOG_COMPILER_LAUNCHIMAGE_NAME = LaunchImage;
				CLANG_ENABLE_OBJC_ARC = NO;
				GCC_PRECOMPILE_PREFIX_HEADER = YES;
				GCC_PREFIX_HEADER = "FFmpegDemo_2014/FFmpegDemo_2014-Prefix.pch";
				HEADER_SEARCH_PATHS = (
					"$(inherited)",
					/Applications/Xcode.app/Contents/Developer/Toolchains/XcodeDefault.xctoolchain/usr/include,
					"$(PROJECT_DIR)/FFmpegDemo_2014/universal/include",
				);
				INFOPLIST_FILE = "FFmpegDemo_2014/FFmpegDemo_2014-Info.plist";
				LIBRARY_SEARCH_PATHS = (
					"$(inherited)",
					"$(PROJECT_DIR)/FFmpegDemo_2014/universal/lib",
				);
				ONLY_ACTIVE_ARCH = NO;
				PRODUCT_NAME = "$(TARGET_NAME)";
				VALID_ARCHS = "armv7 armv7s";
				WRAPPER_EXTENSION = app;
			};
			name = Release;
		};
		03FAE99918DDB13F00F79B8D /* Debug */ = {
			isa = XCBuildConfiguration;
			buildSettings = {
				BUNDLE_LOADER = "$(BUILT_PRODUCTS_DIR)/FFmpegDemo_2014.app/FFmpegDemo_2014";
				FRAMEWORK_SEARCH_PATHS = (
					"$(SDKROOT)/Developer/Library/Frameworks",
					"$(inherited)",
					"$(DEVELOPER_FRAMEWORKS_DIR)",
				);
				GCC_PRECOMPILE_PREFIX_HEADER = YES;
				GCC_PREFIX_HEADER = "FFmpegDemo_2014/FFmpegDemo_2014-Prefix.pch";
				GCC_PREPROCESSOR_DEFINITIONS = (
					"DEBUG=1",
					"$(inherited)",
				);
				INFOPLIST_FILE = "FFmpegDemo_2014Tests/FFmpegDemo_2014Tests-Info.plist";
				PRODUCT_NAME = "$(TARGET_NAME)";
				TEST_HOST = "$(BUNDLE_LOADER)";
				WRAPPER_EXTENSION = xctest;
			};
			name = Debug;
		};
		03FAE99A18DDB13F00F79B8D /* Release */ = {
			isa = XCBuildConfiguration;
			buildSettings = {
				BUNDLE_LOADER = "$(BUILT_PRODUCTS_DIR)/FFmpegDemo_2014.app/FFmpegDemo_2014";
				FRAMEWORK_SEARCH_PATHS = (
					"$(SDKROOT)/Developer/Library/Frameworks",
					"$(inherited)",
					"$(DEVELOPER_FRAMEWORKS_DIR)",
				);
				GCC_PRECOMPILE_PREFIX_HEADER = YES;
				GCC_PREFIX_HEADER = "FFmpegDemo_2014/FFmpegDemo_2014-Prefix.pch";
				INFOPLIST_FILE = "FFmpegDemo_2014Tests/FFmpegDemo_2014Tests-Info.plist";
				PRODUCT_NAME = "$(TARGET_NAME)";
				TEST_HOST = "$(BUNDLE_LOADER)";
				WRAPPER_EXTENSION = xctest;
			};
			name = Release;
		};
/* End XCBuildConfiguration section */

/* Begin XCConfigurationList section */
		03FAE95E18DDB13F00F79B8D /* Build configuration list for PBXProject "FFmpegDemo_2014" */ = {
			isa = XCConfigurationList;
			buildConfigurations = (
				03FAE99318DDB13F00F79B8D /* Debug */,
				03FAE99418DDB13F00F79B8D /* Release */,
			);
			defaultConfigurationIsVisible = 0;
			defaultConfigurationName = Release;
		};
		03FAE99518DDB13F00F79B8D /* Build configuration list for PBXNativeTarget "FFmpegDemo_2014" */ = {
			isa = XCConfigurationList;
			buildConfigurations = (
				03FAE99618DDB13F00F79B8D /* Debug */,
				03FAE99718DDB13F00F79B8D /* Release */,
			);
			defaultConfigurationIsVisible = 0;
		};
		03FAE99818DDB13F00F79B8D /* Build configuration list for PBXNativeTarget "FFmpegDemo_2014Tests" */ = {
			isa = XCConfigurationList;
			buildConfigurations = (
				03FAE99918DDB13F00F79B8D /* Debug */,
				03FAE99A18DDB13F00F79B8D /* Release */,
			);
			defaultConfigurationIsVisible = 0;
		};
/* End XCConfigurationList section */
	};
	rootObject = 03FAE95B18DDB13F00F79B8D /* Project object */;
}
